
Microsoft Visual Studio Solution File, Format Version 12.00
# Visual Studio Version 16
VisualStudioVersion = 16.0.31410.357
MinimumVisualStudioVersion = 10.0.40219.1
Project("{FAE04EC0-301F-11D3-BF4B-00C04F79EFBC}") = "MVC PAP", "MVC PAP.csproj", "{77FD1A89-ED45-4F35-9429-B1BF860C11B5}"
EndProject
Global
	GlobalSection(SolutionConfigurationPlatforms) = preSolution
		Debug|Any CPU = Debug|Any CPU
		Release|Any CPU = Release|Any CPU
	EndGlobalSection
	GlobalSection(ProjectConfigurationPlatforms) = postSolution
		{77FD1A89-ED45-4F35-9429-B1BF860C11B5}.Debug|Any CPU.ActiveCfg = Debug|Any CPU
		{77FD1A89-ED45-4F35-9429-B1BF860C11B5}.Debug|Any CPU.Build.0 = Debug|Any CPU
		{77FD1A89-ED45-4F35-9429-B1BF860C11B5}.Release|Any CPU.ActiveCfg = Release|Any CPU
		{77FD1A89-ED45-4F35-9429-B1BF860C11B5}.Release|Any CPU.Build.0 = Release|Any CPU
	EndGlobalSection
	GlobalSection(SolutionProperties) = preSolution
		HideSolutionNode = FALSE
	EndGlobalSection
	GlobalSection(ExtensibilityGlobals) = postSolution
		SolutionGuid = {BAA25160-5AA6-4988-B2CD-77F82216EBA6}
	EndGlobalSection
EndGlobal
